
Microsoft Visual Studio Solution File, Format Version 12.00
# Visual Studio Version 17
VisualStudioVersion = 17.7.34221.43
MinimumVisualStudioVersion = 10.0.40219.1
Project("{FAE04EC0-301F-11D3-BF4B-00C04F79EFBC}") = "Tetris", "Tetris\Tetris.csproj", "{50504747-D771-42F0-8D25-13B82C0A0802}"
EndProject
Global
	GlobalSection(SolutionConfigurationPlatforms) = preSolution
		Debug|Any CPU = Debug|Any CPU
		Release|Any CPU = Release|Any CPU
	EndGlobalSection
	GlobalSection(ProjectConfigurationPlatforms) = postSolution
		{50504747-D771-42F0-8D25-13B82C0A0802}.Debug|Any CPU.ActiveCfg = Debug|Any CPU
		{50504747-D771-42F0-8D25-13B82C0A0802}.Debug|Any CPU.Build.0 = Debug|Any CPU
		{50504747-D771-42F0-8D25-13B82C0A0802}.Release|Any CPU.ActiveCfg = Release|Any CPU
		{50504747-D771-42F0-8D25-13B82C0A0802}.Release|Any CPU.Build.0 = Release|Any CPU
	EndGlobalSection
	GlobalSection(SolutionProperties) = preSolution
		HideSolutionNode = FALSE
	EndGlobalSection
	GlobalSection(ExtensibilityGlobals) = postSolution
		SolutionGuid = {9602865A-7660-4A07-B33F-6B28EB76329C}
	EndGlobalSection
EndGlobal
